
Microsoft Visual Studio Solution File, Format Version 12.00
# Visual Studio 15
VisualStudioVersion = 15.0.28307.421
MinimumVisualStudioVersion = 10.0.40219.1
Project("{2150E333-8FDC-42A3-9474-1A3956D46DE8}") = "src", "src", "{B874F220-4402-40DE-BBE2-2785659804B6}"
EndProject
Project("{2150E333-8FDC-42A3-9474-1A3956D46DE8}") = "Core", "Core", "{87D04063-842D-4687-BFB7-D17B0D908661}"
EndProject
Project("{2150E333-8FDC-42A3-9474-1A3956D46DE8}") = "Infrastructure", "Infrastructure", "{4EEB52FE-789C-4DD2-AF4F-3E9C46BFF96A}"
EndProject
Project("{2150E333-8FDC-42A3-9474-1A3956D46DE8}") = "API", "API", "{ED6393BD-BC50-4248-B04E-0559E29937F9}"
EndProject
Project("{9A19103F-16F7-4668-BE54-9A1E7A4F7556}") = "Easycom.Core", "src\Easycom.Core\Easycom.Core.csproj", "{94802AD6-0486-4C10-A078-0DE235892F68}"
EndProject
Project("{9A19103F-16F7-4668-BE54-9A1E7A4F7556}") = "Easycom.Data.EF", "src\Easycom.Data.EF\Easycom.Data.EF.csproj", "{F9E22BCA-61C5-4E08-AA99-AF3C6B73C112}"
EndProject
Project("{9A19103F-16F7-4668-BE54-9A1E7A4F7556}") = "Easycom.Infrastructure", "src\Easycom.Infrastructure\Easycom.Infrastructure.csproj", "{863D9799-B410-4EF3-B5DE-F65D9F7348A6}"
EndProject
Project("{9A19103F-16F7-4668-BE54-9A1E7A4F7556}") = "Easycom.API", "src\Easycom.API\Easycom.API.csproj", "{D5FCECAA-2818-49DA-B679-54A322C44FA0}"
EndProject
Project("{00D1A9C2-B5F0-4AF3-8072-F6C62B433612}") = "Easycom.Database.SQLServer", "src\Easycom.Database.SQLServer\Easycom.Database.SQLServer.sqlproj", "{B87B45EA-4880-4A37-988B-C9A34EE4C13E}"
EndProject
Project("{2150E333-8FDC-42A3-9474-1A3956D46DE8}") = "UI", "UI", "{DC782B6B-906C-42C0-A234-05FF2DE6F89B}"
EndProject
Global
	GlobalSection(SolutionConfigurationPlatforms) = preSolution
		Debug|Any CPU = Debug|Any CPU
		Release|Any CPU = Release|Any CPU
	EndGlobalSection
	GlobalSection(ProjectConfigurationPlatforms) = postSolution
		{94802AD6-0486-4C10-A078-0DE235892F68}.Debug|Any CPU.ActiveCfg = Debug|Any CPU
		{94802AD6-0486-4C10-A078-0DE235892F68}.Debug|Any CPU.Build.0 = Debug|Any CPU
		{94802AD6-0486-4C10-A078-0DE235892F68}.Release|Any CPU.ActiveCfg = Release|Any CPU
		{94802AD6-0486-4C10-A078-0DE235892F68}.Release|Any CPU.Build.0 = Release|Any CPU
		{F9E22BCA-61C5-4E08-AA99-AF3C6B73C112}.Debug|Any CPU.ActiveCfg = Debug|Any CPU
		{F9E22BCA-61C5-4E08-AA99-AF3C6B73C112}.Debug|Any CPU.Build.0 = Debug|Any CPU
		{F9E22BCA-61C5-4E08-AA99-AF3C6B73C112}.Release|Any CPU.ActiveCfg = Release|Any CPU
		{F9E22BCA-61C5-4E08-AA99-AF3C6B73C112}.Release|Any CPU.Build.0 = Release|Any CPU
		{863D9799-B410-4EF3-B5DE-F65D9F7348A6}.Debug|Any CPU.ActiveCfg = Debug|Any CPU
		{863D9799-B410-4EF3-B5DE-F65D9F7348A6}.Debug|Any CPU.Build.0 = Debug|Any CPU
		{863D9799-B410-4EF3-B5DE-F65D9F7348A6}.Release|Any CPU.ActiveCfg = Release|Any CPU
		{863D9799-B410-4EF3-B5DE-F65D9F7348A6}.Release|Any CPU.Build.0 = Release|Any CPU
		{D5FCECAA-2818-49DA-B679-54A322C44FA0}.Debug|Any CPU.ActiveCfg = Debug|Any CPU
		{D5FCECAA-2818-49DA-B679-54A322C44FA0}.Debug|Any CPU.Build.0 = Debug|Any CPU
		{D5FCECAA-2818-49DA-B679-54A322C44FA0}.Release|Any CPU.ActiveCfg = Release|Any CPU
		{D5FCECAA-2818-49DA-B679-54A322C44FA0}.Release|Any CPU.Build.0 = Release|Any CPU
		{B87B45EA-4880-4A37-988B-C9A34EE4C13E}.Debug|Any CPU.ActiveCfg = Debug|Any CPU
		{B87B45EA-4880-4A37-988B-C9A34EE4C13E}.Debug|Any CPU.Build.0 = Debug|Any CPU
		{B87B45EA-4880-4A37-988B-C9A34EE4C13E}.Debug|Any CPU.Deploy.0 = Debug|Any CPU
		{B87B45EA-4880-4A37-988B-C9A34EE4C13E}.Release|Any CPU.ActiveCfg = Release|Any CPU
		{B87B45EA-4880-4A37-988B-C9A34EE4C13E}.Release|Any CPU.Build.0 = Release|Any CPU
		{B87B45EA-4880-4A37-988B-C9A34EE4C13E}.Release|Any CPU.Deploy.0 = Release|Any CPU
	EndGlobalSection
	GlobalSection(SolutionProperties) = preSolution
		HideSolutionNode = FALSE
	EndGlobalSection
	GlobalSection(NestedProjects) = preSolution
		{87D04063-842D-4687-BFB7-D17B0D908661} = {B874F220-4402-40DE-BBE2-2785659804B6}
		{4EEB52FE-789C-4DD2-AF4F-3E9C46BFF96A} = {B874F220-4402-40DE-BBE2-2785659804B6}
		{ED6393BD-BC50-4248-B04E-0559E29937F9} = {B874F220-4402-40DE-BBE2-2785659804B6}
		{94802AD6-0486-4C10-A078-0DE235892F68} = {87D04063-842D-4687-BFB7-D17B0D908661}
		{F9E22BCA-61C5-4E08-AA99-AF3C6B73C112} = {4EEB52FE-789C-4DD2-AF4F-3E9C46BFF96A}
		{863D9799-B410-4EF3-B5DE-F65D9F7348A6} = {4EEB52FE-789C-4DD2-AF4F-3E9C46BFF96A}
		{D5FCECAA-2818-49DA-B679-54A322C44FA0} = {ED6393BD-BC50-4248-B04E-0559E29937F9}
		{B87B45EA-4880-4A37-988B-C9A34EE4C13E} = {4EEB52FE-789C-4DD2-AF4F-3E9C46BFF96A}
		{DC782B6B-906C-42C0-A234-05FF2DE6F89B} = {B874F220-4402-40DE-BBE2-2785659804B6}
	EndGlobalSection
	GlobalSection(ExtensibilityGlobals) = postSolution
		SolutionGuid = {5A20344A-F23D-4846-91AB-E84089B6A71F}
	EndGlobalSection
EndGlobal
